
Microsoft Visual Studio Solution File, Format Version 11.00
# Visual Studio 2010
Project("{FAE04EC0-301F-11D3-BF4B-00C04F79EFBC}") = "Unity.Wcf", "Unity.Wcf\Unity.Wcf.csproj", "{8D78E387-BD71-4399-8A8E-6AE0DC8600F6}"
EndProject
Global
	GlobalSection(SolutionConfigurationPlatforms) = preSolution
		Debug|Any CPU = Debug|Any CPU
		Release|Any CPU = Release|Any CPU
	EndGlobalSection
	GlobalSection(ProjectConfigurationPlatforms) = postSolution
		{8D78E387-BD71-4399-8A8E-6AE0DC8600F6}.Debug|Any CPU.ActiveCfg = Debug|Any CPU
		{8D78E387-BD71-4399-8A8E-6AE0DC8600F6}.Debug|Any CPU.Build.0 = Debug|Any CPU
		{8D78E387-BD71-4399-8A8E-6AE0DC8600F6}.Release|Any CPU.ActiveCfg = Release|Any CPU
		{8D78E387-BD71-4399-8A8E-6AE0DC8600F6}.Release|Any CPU.Build.0 = Release|Any CPU
	EndGlobalSection
	GlobalSection(SolutionProperties) = preSolution
		HideSolutionNode = FALSE
	EndGlobalSection
	GlobalSection(ExtensibilityGlobals) = postSolution
		EnterpriseLibraryConfigurationToolBinariesPath = packages\Unity.2.1.505.0\lib\NET35
	EndGlobalSection
EndGlobal
